// !$*UTF8*$!
{
	archiveVersion = 1;
	classes = {
	};
	objectVersion = 48;
	objects = {

/* Begin PBXBuildFile section */
		330564C91FC0F04A0018EB60 /* AppDelegate.swift in Sources */ = {isa = PBXBuildFile; fileRef = 330564C81FC0F04A0018EB60 /* AppDelegate.swift */; };
		330564CE1FC0F04A0018EB60 /* Main.storyboard in Resources */ = {isa = PBXBuildFile; fileRef = 330564CC1FC0F04A0018EB60 /* Main.storyboard */; };
		330564D11FC0F04A0018EB60 /* BeastList5000.xcdatamodeld in Sources */ = {isa = PBXBuildFile; fileRef = 330564CF1FC0F04A0018EB60 /* BeastList5000.xcdatamodeld */; };
		330564D31FC0F04A0018EB60 /* Assets.xcassets in Resources */ = {isa = PBXBuildFile; fileRef = 330564D21FC0F04A0018EB60 /* Assets.xcassets */; };
		330564D61FC0F04A0018EB60 /* LaunchScreen.storyboard in Resources */ = {isa = PBXBuildFile; fileRef = 330564D41FC0F04A0018EB60 /* LaunchScreen.storyboard */; };
		330564DE1FC0F47C0018EB60 /* AddItemViewController.swift in Sources */ = {isa = PBXBuildFile; fileRef = 330564DD1FC0F47C0018EB60 /* AddItemViewController.swift */; };
		330564E01FC0F6990018EB60 /* ToBeastTableViewController.swift in Sources */ = {isa = PBXBuildFile; fileRef = 330564DF1FC0F6990018EB60 /* ToBeastTableViewController.swift */; };
		330564E21FC0F9520018EB60 /* ToBeastCell.swift in Sources */ = {isa = PBXBuildFile; fileRef = 330564E11FC0F9520018EB60 /* ToBeastCell.swift */; };
		330564E41FC0F97E0018EB60 /* AddItemViewControllerDelegate.swift in Sources */ = {isa = PBXBuildFile; fileRef = 330564E31FC0F97E0018EB60 /* AddItemViewControllerDelegate.swift */; };
		330564E61FC0F9940018EB60 /* CancelButtonDelegate.swift in Sources */ = {isa = PBXBuildFile; fileRef = 330564E51FC0F9940018EB60 /* CancelButtonDelegate.swift */; };
		330564EA1FC0F9F40018EB60 /* BeastedTableViewController.swift in Sources */ = {isa = PBXBuildFile; fileRef = 330564E91FC0F9F40018EB60 /* BeastedTableViewController.swift */; };
/* End PBXBuildFile section */

/* Begin PBXFileReference section */
		330564C51FC0F04A0018EB60 /* BeastList5000.app */ = {isa = PBXFileReference; explicitFileType = wrapper.application; includeInIndex = 0; path = BeastList5000.app; sourceTree = BUILT_PRODUCTS_DIR; };
		330564C81FC0F04A0018EB60 /* AppDelegate.swift */ = {isa = PBXFileReference; lastKnownFileType = sourcecode.swift; path = AppDelegate.swift; sourceTree = "<group>"; };
		330564CD1FC0F04A0018EB60 /* Base */ = {isa = PBXFileReference; lastKnownFileType = file.storyboard; name = Base; path = Base.lproj/Main.storyboard; sourceTree = "<group>"; };
		330564D01FC0F04A0018EB60 /* BeastList5000.xcdatamodel */ = {isa = PBXFileReference; lastKnownFileType = wrapper.xcdatamodel; path = BeastList5000.xcdatamodel; sourceTree = "<group>"; };
		330564D21FC0F04A0018EB60 /* Assets.xcassets */ = {isa = PBXFileReference; lastKnownFileType = folder.assetcatalog; path = Assets.xcassets; sourceTree = "<group>"; };
		330564D51FC0F04A0018EB60 /* Base */ = {isa = PBXFileReference; lastKnownFileType = file.storyboard; name = Base; path = Base.lproj/LaunchScreen.storyboard; sourceTree = "<group>"; };
		330564D71FC0F04A0018EB60 /* Info.plist */ = {isa = PBXFileReference; lastKnownFileType = text.plist.xml; path = Info.plist; sourceTree = "<group>"; };
		330564DD1FC0F47C0018EB60 /* AddItemViewController.swift */ = {isa = PBXFileReference; lastKnownFileType = sourcecode.swift; path = AddItemViewController.swift; sourceTree = "<group>"; };
		330564DF1FC0F6990018EB60 /* ToBeastTableViewController.swift */ = {isa = PBXFileReference; lastKnownFileType = sourcecode.swift; path = ToBeastTableViewController.swift; sourceTree = "<group>"; };
		330564E11FC0F9520018EB60 /* ToBeastCell.swift */ = {isa = PBXFileReference; lastKnownFileType = sourcecode.swift; path = ToBeastCell.swift; sourceTree = "<group>"; };
		330564E31FC0F97E0018EB60 /* AddItemViewControllerDelegate.swift */ = {isa = PBXFileReference; lastKnownFileType = sourcecode.swift; path = AddItemViewControllerDelegate.swift; sourceTree = "<group>"; };
		330564E51FC0F9940018EB60 /* CancelButtonDelegate.swift */ = {isa = PBXFileReference; lastKnownFileType = sourcecode.swift; path = CancelButtonDelegate.swift; sourceTree = "<group>"; };
		330564E91FC0F9F40018EB60 /* BeastedTableViewController.swift */ = {isa = PBXFileReference; lastKnownFileType = sourcecode.swift; path = BeastedTableViewController.swift; sourceTree = "<group>"; };
/* End PBXFileReference section */

/* Begin PBXFrameworksBuildPhase section */
		330564C21FC0F04A0018EB60 /* Frameworks */ = {
			isa = PBXFrameworksBuildPhase;
			buildActionMask = 2147483647;
			files = (
			);
			runOnlyForDeploymentPostprocessing = 0;
		};
/* End PBXFrameworksBuildPhase section */

/* Begin PBXGroup section */
		330564BC1FC0F04A0018EB60 = {
			isa = PBXGroup;
			children = (
				330564C71FC0F04A0018EB60 /* BeastList5000 */,
				330564C61FC0F04A0018EB60 /* Products */,
			);
			sourceTree = "<group>";
		};
		330564C61FC0F04A0018EB60 /* Products */ = {
			isa = PBXGroup;
			children = (
				330564C51FC0F04A0018EB60 /* BeastList5000.app */,
			);
			name = Products;
			sourceTree = "<group>";
		};
		330564C71FC0F04A0018EB60 /* BeastList5000 */ = {
			isa = PBXGroup;
			children = (
				330564C81FC0F04A0018EB60 /* AppDelegate.swift */,
				330564CC1FC0F04A0018EB60 /* Main.storyboard */,
				330564D21FC0F04A0018EB60 /* Assets.xcassets */,
				330564D41FC0F04A0018EB60 /* LaunchScreen.storyboard */,
				330564D71FC0F04A0018EB60 /* Info.plist */,
				330564CF1FC0F04A0018EB60 /* BeastList5000.xcdatamodeld */,
				330564DD1FC0F47C0018EB60 /* AddItemViewController.swift */,
				330564E31FC0F97E0018EB60 /* AddItemViewControllerDelegate.swift */,
				330564DF1FC0F6990018EB60 /* ToBeastTableViewController.swift */,
				330564E11FC0F9520018EB60 /* ToBeastCell.swift */,
				330564E51FC0F9940018EB60 /* CancelButtonDelegate.swift */,
				330564E91FC0F9F40018EB60 /* BeastedTableViewController.swift */,
			);
			path = BeastList5000;
			sourceTree = "<group>";
		};
/* End PBXGroup section */

/* Begin PBXNativeTarget section */
		330564C41FC0F04A0018EB60 /* BeastList5000 */ = {
			isa = PBXNativeTarget;
			buildConfigurationList = 330564DA1FC0F04A0018EB60 /* Build configuration list for PBXNativeTarget "BeastList5000" */;
			buildPhases = (
				330564C11FC0F04A0018EB60 /* Sources */,
				330564C21FC0F04A0018EB60 /* Frameworks */,
				330564C31FC0F04A0018EB60 /* Resources */,
			);
			buildRules = (
			);
			dependencies = (
			);
			name = BeastList5000;
			productName = BeastList5000;
			productReference = 330564C51FC0F04A0018EB60 /* BeastList5000.app */;
			productType = "com.apple.product-type.application";
		};
/* End PBXNativeTarget section */

/* Begin PBXProject section */
		330564BD1FC0F04A0018EB60 /* Project object */ = {
			isa = PBXProject;
			attributes = {
				LastSwiftUpdateCheck = 0910;
				LastUpgradeCheck = 0910;
				ORGANIZATIONNAME = "Kioja Kudumu";
				TargetAttributes = {
					330564C41FC0F04A0018EB60 = {
						CreatedOnToolsVersion = 9.1;
						ProvisioningStyle = Automatic;
					};
				};
			};
			buildConfigurationList = 330564C01FC0F04A0018EB60 /* Build configuration list for PBXProject "BeastList5000" */;
			compatibilityVersion = "Xcode 8.0";
			developmentRegion = en;
			hasScannedForEncodings = 0;
			knownRegions = (
				en,
				Base,
			);
			mainGroup = 330564BC1FC0F04A0018EB60;
			productRefGroup = 330564C61FC0F04A0018EB60 /* Products */;
			projectDirPath = "";
			projectRoot = "";
			targets = (
				330564C41FC0F04A0018EB60 /* BeastList5000 */,
			);
		};
/* End PBXProject section */

/* Begin PBXResourcesBuildPhase section */
		330564C31FC0F04A0018EB60 /* Resources */ = {
			isa = PBXResourcesBuildPhase;
			buildActionMask = 2147483647;
			files = (
				330564D61FC0F04A0018EB60 /* LaunchScreen.storyboard in Resources */,
				330564D31FC0F04A0018EB60 /* Assets.xcassets in Resources */,
				330564CE1FC0F04A0018EB60 /* Main.storyboard in Resources */,
			);
			runOnlyForDeploymentPostprocessing = 0;
		};
/* End PBXResourcesBuildPhase section */

/* Begin PBXSourcesBuildPhase section */
		330564C11FC0F04A0018EB60 /* Sources */ = {
			isa = PBXSourcesBuildPhase;
			buildActionMask = 2147483647;
			files = (
				330564E41FC0F97E0018EB60 /* AddItemViewControllerDelegate.swift in Sources */,
				330564E01FC0F6990018EB60 /* ToBeastTableViewController.swift in Sources */,
				330564E21FC0F9520018EB60 /* ToBeastCell.swift in Sources */,
				330564D11FC0F04A0018EB60 /* BeastList5000.xcdatamodeld in Sources */,
				330564EA1FC0F9F40018EB60 /* BeastedTableViewController.swift in Sources */,
				330564E61FC0F9940018EB60 /* CancelButtonDelegate.swift in Sources */,
				330564C91FC0F04A0018EB60 /* AppDelegate.swift in Sources */,
				330564DE1FC0F47C0018EB60 /* AddItemViewController.swift in Sources */,
			);
			runOnlyForDeploymentPostprocessing = 0;
		};
/* End PBXSourcesBuildPhase section */

/* Begin PBXVariantGroup section */
		330564CC1FC0F04A0018EB60 /* Main.storyboard */ = {
			isa = PBXVariantGroup;
			children = (
				330564CD1FC0F04A0018EB60 /* Base */,
			);
			name = Main.storyboard;
			sourceTree = "<group>";
		};
		330564D41FC0F04A0018EB60 /* LaunchScreen.storyboard */ = {
			isa = PBXVariantGroup;
			children = (
				330564D51FC0F04A0018EB60 /* Base */,
			);
			name = LaunchScreen.storyboard;
			sourceTree = "<group>";
		};
/* End PBXVariantGroup section */

/* Begin XCBuildConfiguration section */
		330564D81FC0F04A0018EB60 /* Debug */ = {
			isa = XCBuildConfiguration;
			buildSettings = {
				ALWAYS_SEARCH_USER_PATHS = NO;
				CLANG_ANALYZER_NONNULL = YES;
				CLANG_ANALYZER_NUMBER_OBJECT_CONVERSION = YES_AGGRESSIVE;
				CLANG_CXX_LANGUAGE_STANDARD = "gnu++14";
				CLANG_CXX_LIBRARY = "libc++";
				CLANG_ENABLE_MODULES = YES;
				CLANG_ENABLE_OBJC_ARC = YES;
				CLANG_WARN_BLOCK_CAPTURE_AUTORELEASING = YES;
				CLANG_WARN_BOOL_CONVERSION = YES;
				CLANG_WARN_COMMA = YES;
				CLANG_WARN_CONSTANT_CONVERSION = YES;
				CLANG_WARN_DIRECT_OBJC_ISA_USAGE = YES_ERROR;
				CLANG_WARN_DOCUMENTATION_COMMENTS = YES;
				CLANG_WARN_EMPTY_BODY = YES;
				CLANG_WARN_ENUM_CONVERSION = YES;
				CLANG_WARN_INFINITE_RECURSION = YES;
				CLANG_WARN_INT_CONVERSION = YES;
				CLANG_WARN_NON_LITERAL_NULL_CONVERSION = YES;
				CLANG_WARN_OBJC_LITERAL_CONVERSION = YES;
				CLANG_WARN_OBJC_ROOT_CLASS = YES_ERROR;
				CLANG_WARN_RANGE_LOOP_ANALYSIS = YES;
				CLANG_WARN_STRICT_PROTOTYPES = YES;
				CLANG_WARN_SUSPICIOUS_MOVE = YES;
				CLANG_WARN_UNGUARDED_AVAILABILITY = YES_AGGRESSIVE;
				CLANG_WARN_UNREACHABLE_CODE = YES;
				CLANG_WARN__DUPLICATE_METHOD_MATCH = YES;
				CODE_SIGN_IDENTITY = "iPhone Developer";
				COPY_PHASE_STRIP = NO;
				DEBUG_INFORMATION_FORMAT = dwarf;
				ENABLE_STRICT_OBJC_MSGSEND = YES;
				ENABLE_TESTABILITY = YES;
				GCC_C_LANGUAGE_STANDARD = gnu11;
				GCC_DYNAMIC_NO_PIC = NO;
				GCC_NO_COMMON_BLOCKS = YES;
				GCC_OPTIMIZATION_LEVEL = 0;
				GCC_PREPROCESSOR_DEFINITIONS = (
					"DEBUG=1",
					"$(inherited)",
				);
				GCC_WARN_64_TO_32_BIT_CONVERSION = YES;
				GCC_WARN_ABOUT_RETURN_TYPE = YES_ERROR;
				GCC_WARN_UNDECLARED_SELECTOR = YES;
				GCC_WARN_UNINITIALIZED_AUTOS = YES_AGGRESSIVE;
				GCC_WARN_UNUSED_FUNCTION = YES;
				GCC_WARN_UNUSED_VARIABLE = YES;
				IPHONEOS_DEPLOYMENT_TARGET = 11.1;
				MTL_ENABLE_DEBUG_INFO = YES;
				ONLY_ACTIVE_ARCH = YES;
				SDKROOT = iphoneos;
				SWIFT_ACTIVE_COMPILATION_CONDITIONS = DEBUG;
				SWIFT_OPTIMIZATION_LEVEL = "-Onone";
			};
			name = Debug;
		};
		330564D91FC0F04A0018EB60 /* Release */ = {
			isa = XCBuildConfiguration;
			buildSettings = {
				ALWAYS_SEARCH_USER_PATHS = NO;
				CLANG_ANALYZER_NONNULL = YES;
				CLANG_ANALYZER_NUMBER_OBJECT_CONVERSION = YES_AGGRESSIVE;
				CLANG_CXX_LANGUAGE_STANDARD = "gnu++14";
				CLANG_CXX_LIBRARY = "libc++";
				CLANG_ENABLE_MODULES = YES;
				CLANG_ENABLE_OBJC_ARC = YES;
				CLANG_WARN_BLOCK_CAPTURE_AUTORELEASING = YES;
				CLANG_WARN_BOOL_CONVERSION = YES;
				CLANG_WARN_COMMA = YES;
				CLANG_WARN_CONSTANT_CONVERSION = YES;
				CLANG_WARN_DIRECT_OBJC_ISA_USAGE = YES_ERROR;
				CLANG_WARN_DOCUMENTATION_COMMENTS = YES;
				CLANG_WARN_EMPTY_BODY = YES;
				CLANG_WARN_ENUM_CONVERSION = YES;
				CLANG_WARN_INFINITE_RECURSION = YES;
				CLANG_WARN_INT_CONVERSION = YES;
				CLANG_WARN_NON_LITERAL_NULL_CONVERSION = YES;
				CLANG_WARN_OBJC_LITERAL_CONVERSION = YES;
				CLANG_WARN_OBJC_ROOT_CLASS = YES_ERROR;
				CLANG_WARN_RANGE_LOOP_ANALYSIS = YES;
				CLANG_WARN_STRICT_PROTOTYPES = YES;
				CLANG_WARN_SUSPICIOUS_MOVE = YES;
				CLANG_WARN_UNGUARDED_AVAILABILITY = YES_AGGRESSIVE;
				CLANG_WARN_UNREACHABLE_CODE = YES;
				CLANG_WARN__DUPLICATE_METHOD_MATCH = YES;
				CODE_SIGN_IDENTITY = "iPhone Developer";
				COPY_PHASE_STRIP = NO;
				DEBUG_INFORMATION_FORMAT = "dwarf-with-dsym";
				ENABLE_NS_ASSERTIONS = NO;
				ENABLE_STRICT_OBJC_MSGSEND = YES;
				GCC_C_LANGUAGE_STANDARD = gnu11;
				GCC_NO_COMMON_BLOCKS = YES;
				GCC_WARN_64_TO_32_BIT_CONVERSION = YES;
				GCC_WARN_ABOUT_RETURN_TYPE = YES_ERROR;
				GCC_WARN_UNDECLARED_SELECTOR = YES;
				GCC_WARN_UNINITIALIZED_AUTOS = YES_AGGRESSIVE;
				GCC_WARN_UNUSED_FUNCTION = YES;
				GCC_WARN_UNUSED_VARIABLE = YES;
				IPHONEOS_DEPLOYMENT_TARGET = 11.1;
				MTL_ENABLE_DEBUG_INFO = NO;
				SDKROOT = iphoneos;
				SWIFT_OPTIMIZATION_LEVEL = "-Owholemodule";
				VALIDATE_PRODUCT = YES;
			};
			name = Release;
		};
		330564DB1FC0F04A0018EB60 /* Debug */ = {
			isa = XCBuildConfiguration;
			buildSettings = {
				ASSETCATALOG_COMPILER_APPICON_NAME = AppIcon;
				CODE_SIGN_STYLE = Automatic;
				DEVELOPMENT_TEAM = 94D4JW7DD5;
				INFOPLIST_FILE = BeastList5000/Info.plist;
				LD_RUNPATH_SEARCH_PATHS = "$(inherited) @executable_path/Frameworks";
				PRODUCT_BUNDLE_IDENTIFIER = kio.BeastList5000;
				PRODUCT_NAME = "$(TARGET_NAME)";
				SWIFT_VERSION = 4.0;
				TARGETED_DEVICE_FAMILY = "1,2";
			};
			name = Debug;
		};
		330564DC1FC0F04A0018EB60 /* Release */ = {
			isa = XCBuildConfiguration;
			buildSettings = {
				ASSETCATALOG_COMPILER_APPICON_NAME = AppIcon;
				CODE_SIGN_STYLE = Automatic;
				DEVELOPMENT_TEAM = 94D4JW7DD5;
				INFOPLIST_FILE = BeastList5000/Info.plist;
				LD_RUNPATH_SEARCH_PATHS = "$(inherited) @executable_path/Frameworks";
				PRODUCT_BUNDLE_IDENTIFIER = kio.BeastList5000;
				PRODUCT_NAME = "$(TARGET_NAME)";
				SWIFT_VERSION = 4.0;
				TARGETED_DEVICE_FAMILY = "1,2";
			};
			name = Release;
		};
/* End XCBuildConfiguration section */

/* Begin XCConfigurationList section */
		330564C01FC0F04A0018EB60 /* Build configuration list for PBXProject "BeastList5000" */ = {
			isa = XCConfigurationList;
			buildConfigurations = (
				330564D81FC0F04A0018EB60 /* Debug */,
				330564D91FC0F04A0018EB60 /* Release */,
			);
			defaultConfigurationIsVisible = 0;
			defaultConfigurationName = Release;
		};
		330564DA1FC0F04A0018EB60 /* Build configuration list for PBXNativeTarget "BeastList5000" */ = {
			isa = XCConfigurationList;
			buildConfigurations = (
				330564DB1FC0F04A0018EB60 /* Debug */,
				330564DC1FC0F04A0018EB60 /* Release */,
			);
			defaultConfigurationIsVisible = 0;
			defaultConfigurationName = Release;
		};
/* End XCConfigurationList section */

/* Begin XCVersionGroup section */
		330564CF1FC0F04A0018EB60 /* BeastList5000.xcdatamodeld */ = {
			isa = XCVersionGroup;
			children = (
				330564D01FC0F04A0018EB60 /* BeastList5000.xcdatamodel */,
			);
			currentVersion = 330564D01FC0F04A0018EB60 /* BeastList5000.xcdatamodel */;
			path = BeastList5000.xcdatamodeld;
			sourceTree = "<group>";
			versionGroupType = wrapper.xcdatamodel;
		};
/* End XCVersionGroup section */
	};
	rootObject = 330564BD1FC0F04A0018EB60 /* Project object */;
}
